
Microsoft Visual Studio Solution File, Format Version 12.00
# Visual Studio Version 16
VisualStudioVersion = 16.0.31205.134
MinimumVisualStudioVersion = 10.0.40219.1
Project("{FAE04EC0-301F-11D3-BF4B-00C04F79EFBC}") = "StudentsApp", "StudentsApp.csproj", "{13F58565-75E4-44F7-B51B-096B5765156D}"
EndProject
Global
	GlobalSection(SolutionConfigurationPlatforms) = preSolution
		Debug|Any CPU = Debug|Any CPU
		Release|Any CPU = Release|Any CPU
	EndGlobalSection
	GlobalSection(ProjectConfigurationPlatforms) = postSolution
		{13F58565-75E4-44F7-B51B-096B5765156D}.Debug|Any CPU.ActiveCfg = Debug|Any CPU
		{13F58565-75E4-44F7-B51B-096B5765156D}.Debug|Any CPU.Build.0 = Debug|Any CPU
		{13F58565-75E4-44F7-B51B-096B5765156D}.Release|Any CPU.ActiveCfg = Release|Any CPU
		{13F58565-75E4-44F7-B51B-096B5765156D}.Release|Any CPU.Build.0 = Release|Any CPU
	EndGlobalSection
	GlobalSection(SolutionProperties) = preSolution
		HideSolutionNode = FALSE
	EndGlobalSection
	GlobalSection(ExtensibilityGlobals) = postSolution
		SolutionGuid = {FF1B6247-531A-493E-ABE7-38E330838D14}
	EndGlobalSection
EndGlobal
